{
  "version": 4,
  "terraform_version": "0.15.4",
  "serial": 3,
  "lineage": "263c2226-4958-cf78-bc8e-8e0b77ccdcbe",
  "outputs": {},
  "resources": [
    {
      "mode": "managed",
      "type": "google_storage_bucket",
      "name": "terraform_bucket",
      "provider": "provider[\"registry.terraform.io/hashicorp/google\"]",
      "instances": [
        {
          "schema_version": 0,
          "attributes": {
            "bucket_policy_only": false,
            "cors": [],
            "default_event_based_hold": false,
            "encryption": [],
            "force_destroy": true,
            "id": "cloud-build-bucket-123",
            "labels": null,
            "lifecycle_rule": [],
            "location": "US",
            "logging": [],
            "name": "cloud-build-bucket-123",
            "project": "my-new-project-test-320513",
            "requester_pays": false,
            "retention_policy": [],
            "self_link": "https://www.googleapis.com/storage/v1/b/cloud-build-bucket-123",
            "storage_class": "STANDARD",
            "uniform_bucket_level_access": false,
            "url": "gs://cloud-build-bucket-123",
            "versioning": [],
            "website": []
          },
          "sensitive_attributes": [],
          "private": "bnVsbA=="
        }
      ]
    }
  ]
}
