{
  "version": 4,
  "terraform_version": "0.15.4",
  "serial": 118,
  "lineage": "d98df3d1-3e05-af07-7ee5-44b2fe41d3f3",
  "outputs": {},
  "resources": [
    {
      "mode": "managed",
      "type": "google_compute_network",
      "name": "etms-vpc",
      "provider": "provider[\"registry.terraform.io/hashicorp/google\"]",
      "instances": [
        {
          "schema_version": 0,
          "attributes": {
            "auto_create_subnetworks": false,
            "delete_default_routes_on_create": false,
            "description": "",
            "gateway_ipv4": "",
            "id": "projects/my-new-project-test-320513/global/networks/etms-devops-vpc-network",
            "mtu": 0,
            "name": "etms-devops-vpc-network",
            "project": "my-new-project-test-320513",
            "routing_mode": "REGIONAL",
            "self_link": "https://www.googleapis.com/compute/v1/projects/my-new-project-test-320513/global/networks/etms-devops-vpc-network",
            "timeouts": null
          },
          "sensitive_attributes": [],
          "private": "eyJlMmJmYjczMC1lY2FhLTExZTYtOGY4OC0zNDM2M2JjN2M0YzAiOnsiY3JlYXRlIjoyNDAwMDAwMDAwMDAsImRlbGV0ZSI6MjQwMDAwMDAwMDAwLCJ1cGRhdGUiOjI0MDAwMDAwMDAwMH19"
        }
      ]
    },
    {
      "mode": "managed",
      "type": "google_compute_subnetwork",
      "name": "etms-cluster",
      "provider": "provider[\"registry.terraform.io/hashicorp/google\"]",
      "instances": [
        {
          "schema_version": 0,
          "attributes": {
            "creation_timestamp": "2021-07-21T07:16:02.854-07:00",
            "description": "",
            "fingerprint": null,
            "gateway_address": "10.1.1.1",
            "id": "projects/my-new-project-test-320513/regions/northamerica-northeast1/subnetworks/etms-devops-cluster-subnet",
            "ip_cidr_range": "10.1.1.0/24",
            "log_config": [],
            "name": "etms-devops-cluster-subnet",
            "network": "https://www.googleapis.com/compute/v1/projects/my-new-project-test-320513/global/networks/etms-devops-vpc-network",
            "private_ip_google_access": true,
            "private_ipv6_google_access": "DISABLE_GOOGLE_ACCESS",
            "project": "my-new-project-test-320513",
            "region": "northamerica-northeast1",
            "secondary_ip_range": [
              {
                "ip_cidr_range": "10.92.0.0/14",
                "range_name": "etms-devops-cluster-pod-range"
              },
              {
                "ip_cidr_range": "10.96.0.0/20",
                "range_name": "etms-devops-cluster-service-range"
              }
            ],
            "self_link": "https://www.googleapis.com/compute/v1/projects/my-new-project-test-320513/regions/northamerica-northeast1/subnetworks/etms-devops-cluster-subnet",
            "timeouts": null
          },
          "sensitive_attributes": [],
          "private": "eyJlMmJmYjczMC1lY2FhLTExZTYtOGY4OC0zNDM2M2JjN2M0YzAiOnsiY3JlYXRlIjozNjAwMDAwMDAwMDAsImRlbGV0ZSI6MzYwMDAwMDAwMDAwLCJ1cGRhdGUiOjM2MDAwMDAwMDAwMH19",
          "dependencies": [
            "google_compute_network.etms-vpc"
          ]
        }
      ]
    }
  ]
}
